
Microsoft Visual Studio Solution File, Format Version 12.00
# Visual Studio 2013
VisualStudioVersion = 12.0.21005.1
MinimumVisualStudioVersion = 10.0.40219.1
Project("{FAE04EC0-301F-11D3-BF4B-00C04F79EFBC}") = "Games", "Games\Games.csproj", "{B7B3FB12-503F-4FB6-BC7E-2CD64872C014}"
EndProject
Project("{2150E333-8FDC-42A3-9474-1A3956D46DE8}") = ".nuget", ".nuget", "{35632FC3-5BE7-412C-BB54-884FF3DF5196}"
	ProjectSection(SolutionItems) = preProject
		.nuget\NuGet.Config = .nuget\NuGet.Config
		.nuget\NuGet.exe = .nuget\NuGet.exe
		.nuget\NuGet.targets = .nuget\NuGet.targets
	EndProjectSection
EndProject
Global
	GlobalSection(SolutionConfigurationPlatforms) = preSolution
		Debug|Any CPU = Debug|Any CPU
		QA|Any CPU = QA|Any CPU
		Release|Any CPU = Release|Any CPU
	EndGlobalSection
	GlobalSection(ProjectConfigurationPlatforms) = postSolution
		{B7B3FB12-503F-4FB6-BC7E-2CD64872C014}.Debug|Any CPU.ActiveCfg = Debug|Any CPU
		{B7B3FB12-503F-4FB6-BC7E-2CD64872C014}.Debug|Any CPU.Build.0 = Debug|Any CPU
		{B7B3FB12-503F-4FB6-BC7E-2CD64872C014}.QA|Any CPU.ActiveCfg = QA|Any CPU
		{B7B3FB12-503F-4FB6-BC7E-2CD64872C014}.QA|Any CPU.Build.0 = QA|Any CPU
		{B7B3FB12-503F-4FB6-BC7E-2CD64872C014}.Release|Any CPU.ActiveCfg = Release|Any CPU
		{B7B3FB12-503F-4FB6-BC7E-2CD64872C014}.Release|Any CPU.Build.0 = Release|Any CPU
	EndGlobalSection
	GlobalSection(SolutionProperties) = preSolution
		HideSolutionNode = FALSE
	EndGlobalSection
EndGlobal
